
Microsoft Visual Studio Solution File, Format Version 12.00
# Visual Studio Version 17
VisualStudioVersion = 17.5.002.0
MinimumVisualStudioVersion = 10.0.40219.1
Project("{9A19103F-16F7-4668-BE54-9A1E7A4F7556}") = "JoinPrivateLobby", "JoinPrivateLobby.csproj", "{123F8D7A-855B-44D4-8B13-F889D285BC1E}"
EndProject
Global
	GlobalSection(SolutionConfigurationPlatforms) = preSolution
		Debug|Any CPU = Debug|Any CPU
		Release|Any CPU = Release|Any CPU
	EndGlobalSection
	GlobalSection(ProjectConfigurationPlatforms) = postSolution
		{123F8D7A-855B-44D4-8B13-F889D285BC1E}.Debug|Any CPU.ActiveCfg = Debug|Any CPU
		{123F8D7A-855B-44D4-8B13-F889D285BC1E}.Debug|Any CPU.Build.0 = Debug|Any CPU
		{123F8D7A-855B-44D4-8B13-F889D285BC1E}.Release|Any CPU.ActiveCfg = Release|Any CPU
		{123F8D7A-855B-44D4-8B13-F889D285BC1E}.Release|Any CPU.Build.0 = Release|Any CPU
	EndGlobalSection
	GlobalSection(SolutionProperties) = preSolution
		HideSolutionNode = FALSE
	EndGlobalSection
	GlobalSection(ExtensibilityGlobals) = postSolution
		SolutionGuid = {87B230CA-DE91-4682-8BA5-BF499059A2C3}
	EndGlobalSection
EndGlobal
